# THIS IS AN AUTOGENERATED FILE. DO NOT EDIT THIS FILE DIRECTLY.
# yarn lockfile v1


"@babel/runtime@^7.12.5":
  version "7.23.8"
  resolved "https://registry.npmmirror.com/@babel/runtime/-/runtime-7.23.8.tgz#8ee6fe1ac47add7122902f257b8ddf55c898f650"
  integrity sha512-Y7KbAP984rn1VGMbGqKmBLio9V7y5Je9GvU4rQPCPinCyNfUcToxIXl06d59URp/F3LwinvODxab5N/G6qggkw==
  dependencies:
    regenerator-runtime "^0.14.0"

"@hulujs/mu@link:../mu":
  version "0.0.0"
  uid ""

"@hulujs/types@link:../types":
  version "0.0.0"
  uid ""

classnames@2.3.2:
  version "2.3.2"
  resolved "https://registry.npmmirror.com/classnames/-/classnames-2.3.2.tgz#351d813bf0137fcc6a76a16b88208d2560a0d924"
  integrity sha512-CSbhY4cFEJRe6/GQzIk5qXZ4Jeg5pcsP7b5peFSDpffpe1cqjASH/n9UTjBwOp6XpMSTwQ8Za2K5V02ueA7Tmw==

csstype@3.1.3:
  version "3.1.3"
  resolved "https://registry.npmmirror.com/csstype/-/csstype-3.1.3.tgz#d80ff294d114fb0e6ac500fbf85b60137d7eff81"
  integrity sha512-M1uQkMl8rQK/szD0LNhtqxIPLpimGm8sOBwU7lLnCpSbTyY3yeU1Vc7l4KT5zT4s/yOxHH5O7tIuuLOCnLADRw==

echarts-liquidfill@3.1.0:
  version "3.1.0"
  resolved "https://registry.npmmirror.com/echarts-liquidfill/-/echarts-liquidfill-3.1.0.tgz#4ec70f3697382d0404c95fff9f3e8dd85c8377da"
  integrity sha512-5Dlqs/jTsdTUAsd+K5LPLLTgrbbNORUSBQyk8PSy1Mg2zgHDWm83FmvA4s0ooNepCJojFYRITTQ4GU1UUSKYLw==

echarts-wordcloud@2.1.0:
  version "2.1.0"
  resolved "https://registry.npmmirror.com/echarts-wordcloud/-/echarts-wordcloud-2.1.0.tgz#c3de6fe267044f6c3343e4ff0e05eedb01c05096"
  integrity sha512-Kt1JmbcROgb+3IMI48KZECK2AP5lG6bSsOEs+AsuwaWJxQom31RTNd6NFYI01E/YaI1PFZeueaupjlmzSQasjQ==

echarts@5.4.3:
  version "5.4.3"
  resolved "https://registry.npmmirror.com/echarts/-/echarts-5.4.3.tgz#f5522ef24419164903eedcfd2b506c6fc91fb20c"
  integrity sha512-mYKxLxhzy6zyTi/FaEbJMOZU1ULGEQHaeIeuMR5L+JnJTpz+YR03mnnpBhbR4+UYJAgiXgpyTVLffPAjOTLkZA==
  dependencies:
    tslib "2.3.0"
    zrender "5.4.4"

hamt_plus@1.0.2:
  version "1.0.2"
  resolved "https://registry.npmmirror.com/hamt_plus/-/hamt_plus-1.0.2.tgz#e21c252968c7e33b20f6a1b094cd85787a265601"
  integrity sha512-t2JXKaehnMb9paaYA7J0BX8QQAY8lwfQ9Gjf4pg/mk4krt+cmwmU652HOoWonf+7+EQV97ARPMhhVgU1ra2GhA==

lodash-es@^4.17.21:
  version "4.17.21"
  resolved "https://registry.npmmirror.com/lodash-es/-/lodash-es-4.17.21.tgz#43e626c46e6591b7750beb2b50117390c609e3ee"
  integrity sha512-mKnC+QJ9pWVzv+C4/U3rRsHapFfHvQFoFB92e52xeyGMcX6/OlIl78je1u8vePzYZSkkogMPJ2yjxxsb89cxyw==

react-error-boundary@4.0.11:
  version "4.0.11"
  resolved "https://registry.npmmirror.com/react-error-boundary/-/react-error-boundary-4.0.11.tgz#36bf44de7746714725a814630282fee83a7c9a1c"
  integrity sha512-U13ul67aP5DOSPNSCWQ/eO0AQEYzEFkVljULQIjMV0KlffTAhxuDoBKdO0pb/JZ8mDhMKFZ9NZi0BmLGUiNphw==
  dependencies:
    "@babel/runtime" "^7.12.5"

recoil@0.7.7:
  version "0.7.7"
  resolved "https://registry.npmmirror.com/recoil/-/recoil-0.7.7.tgz#c5f2c843224384c9c09e4a62c060fb4c1454dc8e"
  integrity sha512-8Og5KPQW9LwC577Vc7Ug2P0vQshkv1y3zG3tSSkWMqkWSwHmE+by06L8JtnGocjW6gcCvfwB3YtrJG6/tWivNQ==
  dependencies:
    hamt_plus "1.0.2"

regenerator-runtime@^0.14.0:
  version "0.14.1"
  resolved "https://registry.npmmirror.com/regenerator-runtime/-/regenerator-runtime-0.14.1.tgz#356ade10263f685dda125100cd862c1db895327f"
  integrity sha512-dYnhHh0nJoMfnkZs6GmmhFknAGRrLznOu5nc9ML+EJxGvrx6H7teuevqVqCuPcPK//3eDrrjQhehXVx9cnkGdw==

size-sensor@1.0.2:
  version "1.0.2"
  resolved "https://registry.npmmirror.com/size-sensor/-/size-sensor-1.0.2.tgz#b8f8da029683cf2b4e22f12bf8b8f0a1145e8471"
  integrity sha512-2NCmWxY7A9pYKGXNBfteo4hy14gWu47rg5692peVMst6lQLPKrVjhY+UTEsPI5ceFRJSl3gVgMYaUi/hKuaiKw==

tslib@2.3.0:
  version "2.3.0"
  resolved "https://registry.npmmirror.com/tslib/-/tslib-2.3.0.tgz#803b8cdab3e12ba581a4ca41c8839bbb0dacb09e"
  integrity sha512-N82ooyxVNm6h1riLCoyS9e3fuJ3AMG2zIZs2Gd1ATcSFjSA23Q0fzjjZeh0jbJvWVDZ0cJT8yaNNaaXHzueNjg==

zrender@5.4.4:
  version "5.4.4"
  resolved "https://registry.npmmirror.com/zrender/-/zrender-5.4.4.tgz#8854f1d95ecc82cf8912f5a11f86657cb8c9e261"
  integrity sha512-0VxCNJ7AGOMCWeHVyTrGzUgrK4asT4ml9PEkeGirAkKNYXYzoPJCLvmyfdoOXcjTHPs10OZVMfD1Rwg16AZyYw==
  dependencies:
    tslib "2.3.0"
